
Microsoft Visual Studio Solution File, Format Version 12.00
# Visual Studio 15
VisualStudioVersion = 15.0.28307.271
MinimumVisualStudioVersion = 10.0.40219.1
Project("{2150E333-8FDC-42A3-9474-1A3956D46DE8}") = "Gateway", "Gateway", "{CB454012-8353-481D-98D3-B12E95BDDFC8}"
EndProject
Project("{2150E333-8FDC-42A3-9474-1A3956D46DE8}") = "Common", "Common", "{4221FD70-A6A6-47F5-8A3C-C68F0751491E}"
EndProject
Project("{2150E333-8FDC-42A3-9474-1A3956D46DE8}") = "Microservices", "Microservices", "{3CB6E04E-FB61-432B-B6B5-F53BCFCA6D16}"
EndProject
Project("{2150E333-8FDC-42A3-9474-1A3956D46DE8}") = "Auth", "Auth", "{5BEEBF8A-F2EB-4285-937A-5B8D5AF32CF2}"
EndProject
Project("{2150E333-8FDC-42A3-9474-1A3956D46DE8}") = "Activities", "Activities", "{2B78D002-AD67-4F88-A5B6-23253D92D47F}"
EndProject
Project("{9A19103F-16F7-4668-BE54-9A1E7A4F7556}") = "Gateway.API", "Gateway\Gateway.API\Gateway.API.csproj", "{703EDB0E-41DB-4A5B-8009-6AA9E4235D1F}"
EndProject
Project("{9A19103F-16F7-4668-BE54-9A1E7A4F7556}") = "Gateway.BusinessLayer", "Gateway\Gateway.BusinessLayer\Gateway.BusinessLayer.csproj", "{A6D6CF79-7922-401D-926C-5565677E4E0E}"
EndProject
Project("{9A19103F-16F7-4668-BE54-9A1E7A4F7556}") = "Auth.API", "Microservices\Auth\Auth.API\Auth.API.csproj", "{9ACD237E-71BB-4295-A4D3-0B44AE46F8C2}"
EndProject
Project("{9A19103F-16F7-4668-BE54-9A1E7A4F7556}") = "Auth.Repository.Interfaces", "Microservices\Auth\Auth.Repository.Interfaces\Auth.Repository.Interfaces.csproj", "{52327935-EDA1-4449-AFAC-400E8B60C121}"
EndProject
Project("{9A19103F-16F7-4668-BE54-9A1E7A4F7556}") = "Auth.Repository", "Microservices\Auth\Auth.Repository\Auth.Repository.csproj", "{D4369506-7D95-44D5-978E-22CB32058E84}"
EndProject
Project("{9A19103F-16F7-4668-BE54-9A1E7A4F7556}") = "Auth.DomainModels", "Microservices\Auth\Auth.DomainModels\Auth.DomainModels.csproj", "{8ABDF26B-C814-4B19-B4C2-C251F3DC859C}"
EndProject
Project("{9A19103F-16F7-4668-BE54-9A1E7A4F7556}") = "Activities.API", "Microservices\Activities\Activities.API\Activities.API.csproj", "{114A22DE-BD22-45AF-80DE-228B447009B7}"
EndProject
Project("{9A19103F-16F7-4668-BE54-9A1E7A4F7556}") = "Activities.DomainModels", "Microservices\Activities\Activities.DomainModels\Activities.DomainModels.csproj", "{B55F8A61-479E-4616-8E6A-6D891C117F88}"
EndProject
Project("{9A19103F-16F7-4668-BE54-9A1E7A4F7556}") = "Activities.Repository", "Microservices\Activities\Activities.Repository\Activities.Repository.csproj", "{018317CF-5629-4AAC-BABF-DF25230ED573}"
EndProject
Project("{9A19103F-16F7-4668-BE54-9A1E7A4F7556}") = "Activities.Repository.Interfaces", "Microservices\Activities\Activities.Repository.Interfaces\Activities.Repository.Interfaces.csproj", "{24CE6240-C9F2-4973-A579-8498F9A5CA3A}"
EndProject
Project("{9A19103F-16F7-4668-BE54-9A1E7A4F7556}") = "Common.DataContracts", "Common\Common.DataContracts\Common.DataContracts.csproj", "{CB4AEFC5-046D-4A31-BC3C-7F1BCC15CB79}"
EndProject
Project("{9A19103F-16F7-4668-BE54-9A1E7A4F7556}") = "Common.MassTransit", "Common\Common.MassTransit\Common.MassTransit.csproj", "{4D5F3BBC-9BF9-4537-AEF4-0325B51D1AA4}"
EndProject
Project("{2150E333-8FDC-42A3-9474-1A3956D46DE8}") = "Tests", "Tests", "{104757B2-E0A7-42D3-92C9-76B423D8A574}"
EndProject
Project("{2150E333-8FDC-42A3-9474-1A3956D46DE8}") = "Tests", "Tests", "{E2578F23-CA1A-4964-A7DE-B2E7F276A357}"
EndProject
Project("{9A19103F-16F7-4668-BE54-9A1E7A4F7556}") = "Gateway.UnitTests", "Gateway\Tests\Gateway.UnitTests\Gateway.UnitTests.csproj", "{AA73B27E-082F-4939-9E18-7C07951E7928}"
EndProject
Project("{9A19103F-16F7-4668-BE54-9A1E7A4F7556}") = "Gateway.IntegrationTests", "Gateway\Tests\Gateway.IntegrationTests\Gateway.IntegrationTests.csproj", "{1052FC0F-803D-4A9E-9D5E-F75464A19F30}"
EndProject
Project("{9A19103F-16F7-4668-BE54-9A1E7A4F7556}") = "Common.Errors", "Common\Common.Errors\Common.Errors.csproj", "{9471AE61-0210-472A-8CF0-5C299CD671A7}"
EndProject
Project("{9A19103F-16F7-4668-BE54-9A1E7A4F7556}") = "Common.Middleware", "Common\Common.Middleware\Common.Middleware.csproj", "{D5BDC015-754C-454C-8EDC-4161BBF88519}"
EndProject
Project("{9A19103F-16F7-4668-BE54-9A1E7A4F7556}") = "Common.JWT", "Common\Common.JWT\Common.JWT.csproj", "{D4D1F483-4EF1-49C8-81A8-2E5B2FCABE03}"
EndProject
Project("{9A19103F-16F7-4668-BE54-9A1E7A4F7556}") = "Auth.UnitTests", "Microservices\Auth\Tests\Auth.UnitTests\Auth.UnitTests.csproj", "{3D7BCEFB-E0FE-43AA-A3EE-E21BD45FD69C}"
EndProject
Project("{9A19103F-16F7-4668-BE54-9A1E7A4F7556}") = "Auth.IntegrationTests", "Microservices\Auth\Tests\Auth.IntegrationTests\Auth.IntegrationTests.csproj", "{E90BF936-6863-42AC-B71B-0E522AB66273}"
EndProject
Project("{9A19103F-16F7-4668-BE54-9A1E7A4F7556}") = "Common.DomainModels", "Common\Common.DomainModels\Common.DomainModels.csproj", "{57FDB317-B9BD-462B-83C2-E8FE339F0DF3}"
EndProject
Project("{9A19103F-16F7-4668-BE54-9A1E7A4F7556}") = "Common.Repository", "Common\Common.Repository\Common.Repository.csproj", "{BB8C983F-FA6F-445B-864F-E7875A12950E}"
EndProject
Project("{9A19103F-16F7-4668-BE54-9A1E7A4F7556}") = "Common.Repository.Interfaces", "Common\Common.Repository.Interfaces\Common.Repository.Interfaces.csproj", "{2AF5259F-6B25-4B95-94A1-3A17BFDEE2B7}"
EndProject
Project("{9A19103F-16F7-4668-BE54-9A1E7A4F7556}") = "Common.DomainModels.Interfaces", "Common\Common.DomainModels.Interfaces\Common.DomainModels.Interfaces.csproj", "{A0D95371-51CB-4713-81BC-A2DAA6F7CBF5}"
EndProject
Project("{9A19103F-16F7-4668-BE54-9A1E7A4F7556}") = "Common.MongoDb", "Common\Common.MongoDb\Common.MongoDb.csproj", "{A3FFB61A-79FB-4303-93A8-653B865FE96D}"
EndProject
Project("{9A19103F-16F7-4668-BE54-9A1E7A4F7556}") = "Auth.BusinessLayer", "Microservices\Auth\Auth.BusinessLayer\Auth.BusinessLayer.csproj", "{8A980606-525D-41D9-A7C8-A8FF96F43655}"
EndProject
Project("{9A19103F-16F7-4668-BE54-9A1E7A4F7556}") = "Common.BusinessLayer.Interfaces", "Common\Common.BusinessLayer.Interfaces\Common.BusinessLayer.Interfaces.csproj", "{D4C9CDE1-392D-41C8-B3AD-5F089F405D24}"
EndProject
Project("{9A19103F-16F7-4668-BE54-9A1E7A4F7556}") = "Activities.BusinessLayer", "Microservices\Activities\Activities.BusinessLayer\Activities.BusinessLayer.csproj", "{EB8BF756-91D2-468A-B2AC-4ABFA90B1BF2}"
EndProject
Global
	GlobalSection(SolutionConfigurationPlatforms) = preSolution
		Debug|Any CPU = Debug|Any CPU
		Release|Any CPU = Release|Any CPU
	EndGlobalSection
	GlobalSection(ProjectConfigurationPlatforms) = postSolution
		{703EDB0E-41DB-4A5B-8009-6AA9E4235D1F}.Debug|Any CPU.ActiveCfg = Debug|Any CPU
		{703EDB0E-41DB-4A5B-8009-6AA9E4235D1F}.Debug|Any CPU.Build.0 = Debug|Any CPU
		{703EDB0E-41DB-4A5B-8009-6AA9E4235D1F}.Release|Any CPU.ActiveCfg = Release|Any CPU
		{703EDB0E-41DB-4A5B-8009-6AA9E4235D1F}.Release|Any CPU.Build.0 = Release|Any CPU
		{A6D6CF79-7922-401D-926C-5565677E4E0E}.Debug|Any CPU.ActiveCfg = Debug|Any CPU
		{A6D6CF79-7922-401D-926C-5565677E4E0E}.Debug|Any CPU.Build.0 = Debug|Any CPU
		{A6D6CF79-7922-401D-926C-5565677E4E0E}.Release|Any CPU.ActiveCfg = Release|Any CPU
		{A6D6CF79-7922-401D-926C-5565677E4E0E}.Release|Any CPU.Build.0 = Release|Any CPU
		{9ACD237E-71BB-4295-A4D3-0B44AE46F8C2}.Debug|Any CPU.ActiveCfg = Debug|Any CPU
		{9ACD237E-71BB-4295-A4D3-0B44AE46F8C2}.Debug|Any CPU.Build.0 = Debug|Any CPU
		{9ACD237E-71BB-4295-A4D3-0B44AE46F8C2}.Release|Any CPU.ActiveCfg = Release|Any CPU
		{9ACD237E-71BB-4295-A4D3-0B44AE46F8C2}.Release|Any CPU.Build.0 = Release|Any CPU
		{52327935-EDA1-4449-AFAC-400E8B60C121}.Debug|Any CPU.ActiveCfg = Debug|Any CPU
		{52327935-EDA1-4449-AFAC-400E8B60C121}.Debug|Any CPU.Build.0 = Debug|Any CPU
		{52327935-EDA1-4449-AFAC-400E8B60C121}.Release|Any CPU.ActiveCfg = Release|Any CPU
		{52327935-EDA1-4449-AFAC-400E8B60C121}.Release|Any CPU.Build.0 = Release|Any CPU
		{D4369506-7D95-44D5-978E-22CB32058E84}.Debug|Any CPU.ActiveCfg = Debug|Any CPU
		{D4369506-7D95-44D5-978E-22CB32058E84}.Debug|Any CPU.Build.0 = Debug|Any CPU
		{D4369506-7D95-44D5-978E-22CB32058E84}.Release|Any CPU.ActiveCfg = Release|Any CPU
		{D4369506-7D95-44D5-978E-22CB32058E84}.Release|Any CPU.Build.0 = Release|Any CPU
		{8ABDF26B-C814-4B19-B4C2-C251F3DC859C}.Debug|Any CPU.ActiveCfg = Debug|Any CPU
		{8ABDF26B-C814-4B19-B4C2-C251F3DC859C}.Debug|Any CPU.Build.0 = Debug|Any CPU
		{8ABDF26B-C814-4B19-B4C2-C251F3DC859C}.Release|Any CPU.ActiveCfg = Release|Any CPU
		{8ABDF26B-C814-4B19-B4C2-C251F3DC859C}.Release|Any CPU.Build.0 = Release|Any CPU
		{114A22DE-BD22-45AF-80DE-228B447009B7}.Debug|Any CPU.ActiveCfg = Debug|Any CPU
		{114A22DE-BD22-45AF-80DE-228B447009B7}.Debug|Any CPU.Build.0 = Debug|Any CPU
		{114A22DE-BD22-45AF-80DE-228B447009B7}.Release|Any CPU.ActiveCfg = Release|Any CPU
		{114A22DE-BD22-45AF-80DE-228B447009B7}.Release|Any CPU.Build.0 = Release|Any CPU
		{B55F8A61-479E-4616-8E6A-6D891C117F88}.Debug|Any CPU.ActiveCfg = Debug|Any CPU
		{B55F8A61-479E-4616-8E6A-6D891C117F88}.Debug|Any CPU.Build.0 = Debug|Any CPU
		{B55F8A61-479E-4616-8E6A-6D891C117F88}.Release|Any CPU.ActiveCfg = Release|Any CPU
		{B55F8A61-479E-4616-8E6A-6D891C117F88}.Release|Any CPU.Build.0 = Release|Any CPU
		{018317CF-5629-4AAC-BABF-DF25230ED573}.Debug|Any CPU.ActiveCfg = Debug|Any CPU
		{018317CF-5629-4AAC-BABF-DF25230ED573}.Debug|Any CPU.Build.0 = Debug|Any CPU
		{018317CF-5629-4AAC-BABF-DF25230ED573}.Release|Any CPU.ActiveCfg = Release|Any CPU
		{018317CF-5629-4AAC-BABF-DF25230ED573}.Release|Any CPU.Build.0 = Release|Any CPU
		{24CE6240-C9F2-4973-A579-8498F9A5CA3A}.Debug|Any CPU.ActiveCfg = Debug|Any CPU
		{24CE6240-C9F2-4973-A579-8498F9A5CA3A}.Debug|Any CPU.Build.0 = Debug|Any CPU
		{24CE6240-C9F2-4973-A579-8498F9A5CA3A}.Release|Any CPU.ActiveCfg = Release|Any CPU
		{24CE6240-C9F2-4973-A579-8498F9A5CA3A}.Release|Any CPU.Build.0 = Release|Any CPU
		{CB4AEFC5-046D-4A31-BC3C-7F1BCC15CB79}.Debug|Any CPU.ActiveCfg = Debug|Any CPU
		{CB4AEFC5-046D-4A31-BC3C-7F1BCC15CB79}.Debug|Any CPU.Build.0 = Debug|Any CPU
		{CB4AEFC5-046D-4A31-BC3C-7F1BCC15CB79}.Release|Any CPU.ActiveCfg = Release|Any CPU
		{CB4AEFC5-046D-4A31-BC3C-7F1BCC15CB79}.Release|Any CPU.Build.0 = Release|Any CPU
		{4D5F3BBC-9BF9-4537-AEF4-0325B51D1AA4}.Debug|Any CPU.ActiveCfg = Debug|Any CPU
		{4D5F3BBC-9BF9-4537-AEF4-0325B51D1AA4}.Debug|Any CPU.Build.0 = Debug|Any CPU
		{4D5F3BBC-9BF9-4537-AEF4-0325B51D1AA4}.Release|Any CPU.ActiveCfg = Release|Any CPU
		{4D5F3BBC-9BF9-4537-AEF4-0325B51D1AA4}.Release|Any CPU.Build.0 = Release|Any CPU
		{AA73B27E-082F-4939-9E18-7C07951E7928}.Debug|Any CPU.ActiveCfg = Debug|Any CPU
		{AA73B27E-082F-4939-9E18-7C07951E7928}.Debug|Any CPU.Build.0 = Debug|Any CPU
		{AA73B27E-082F-4939-9E18-7C07951E7928}.Release|Any CPU.ActiveCfg = Release|Any CPU
		{AA73B27E-082F-4939-9E18-7C07951E7928}.Release|Any CPU.Build.0 = Release|Any CPU
		{1052FC0F-803D-4A9E-9D5E-F75464A19F30}.Debug|Any CPU.ActiveCfg = Debug|Any CPU
		{1052FC0F-803D-4A9E-9D5E-F75464A19F30}.Debug|Any CPU.Build.0 = Debug|Any CPU
		{1052FC0F-803D-4A9E-9D5E-F75464A19F30}.Release|Any CPU.ActiveCfg = Release|Any CPU
		{1052FC0F-803D-4A9E-9D5E-F75464A19F30}.Release|Any CPU.Build.0 = Release|Any CPU
		{9471AE61-0210-472A-8CF0-5C299CD671A7}.Debug|Any CPU.ActiveCfg = Debug|Any CPU
		{9471AE61-0210-472A-8CF0-5C299CD671A7}.Debug|Any CPU.Build.0 = Debug|Any CPU
		{9471AE61-0210-472A-8CF0-5C299CD671A7}.Release|Any CPU.ActiveCfg = Release|Any CPU
		{9471AE61-0210-472A-8CF0-5C299CD671A7}.Release|Any CPU.Build.0 = Release|Any CPU
		{D5BDC015-754C-454C-8EDC-4161BBF88519}.Debug|Any CPU.ActiveCfg = Debug|Any CPU
		{D5BDC015-754C-454C-8EDC-4161BBF88519}.Debug|Any CPU.Build.0 = Debug|Any CPU
		{D5BDC015-754C-454C-8EDC-4161BBF88519}.Release|Any CPU.ActiveCfg = Release|Any CPU
		{D5BDC015-754C-454C-8EDC-4161BBF88519}.Release|Any CPU.Build.0 = Release|Any CPU
		{D4D1F483-4EF1-49C8-81A8-2E5B2FCABE03}.Debug|Any CPU.ActiveCfg = Debug|Any CPU
		{D4D1F483-4EF1-49C8-81A8-2E5B2FCABE03}.Debug|Any CPU.Build.0 = Debug|Any CPU
		{D4D1F483-4EF1-49C8-81A8-2E5B2FCABE03}.Release|Any CPU.ActiveCfg = Release|Any CPU
		{D4D1F483-4EF1-49C8-81A8-2E5B2FCABE03}.Release|Any CPU.Build.0 = Release|Any CPU
		{3D7BCEFB-E0FE-43AA-A3EE-E21BD45FD69C}.Debug|Any CPU.ActiveCfg = Debug|Any CPU
		{3D7BCEFB-E0FE-43AA-A3EE-E21BD45FD69C}.Debug|Any CPU.Build.0 = Debug|Any CPU
		{3D7BCEFB-E0FE-43AA-A3EE-E21BD45FD69C}.Release|Any CPU.ActiveCfg = Release|Any CPU
		{3D7BCEFB-E0FE-43AA-A3EE-E21BD45FD69C}.Release|Any CPU.Build.0 = Release|Any CPU
		{E90BF936-6863-42AC-B71B-0E522AB66273}.Debug|Any CPU.ActiveCfg = Debug|Any CPU
		{E90BF936-6863-42AC-B71B-0E522AB66273}.Debug|Any CPU.Build.0 = Debug|Any CPU
		{E90BF936-6863-42AC-B71B-0E522AB66273}.Release|Any CPU.ActiveCfg = Release|Any CPU
		{E90BF936-6863-42AC-B71B-0E522AB66273}.Release|Any CPU.Build.0 = Release|Any CPU
		{57FDB317-B9BD-462B-83C2-E8FE339F0DF3}.Debug|Any CPU.ActiveCfg = Debug|Any CPU
		{57FDB317-B9BD-462B-83C2-E8FE339F0DF3}.Debug|Any CPU.Build.0 = Debug|Any CPU
		{57FDB317-B9BD-462B-83C2-E8FE339F0DF3}.Release|Any CPU.ActiveCfg = Release|Any CPU
		{57FDB317-B9BD-462B-83C2-E8FE339F0DF3}.Release|Any CPU.Build.0 = Release|Any CPU
		{BB8C983F-FA6F-445B-864F-E7875A12950E}.Debug|Any CPU.ActiveCfg = Debug|Any CPU
		{BB8C983F-FA6F-445B-864F-E7875A12950E}.Debug|Any CPU.Build.0 = Debug|Any CPU
		{BB8C983F-FA6F-445B-864F-E7875A12950E}.Release|Any CPU.ActiveCfg = Release|Any CPU
		{BB8C983F-FA6F-445B-864F-E7875A12950E}.Release|Any CPU.Build.0 = Release|Any CPU
		{2AF5259F-6B25-4B95-94A1-3A17BFDEE2B7}.Debug|Any CPU.ActiveCfg = Debug|Any CPU
		{2AF5259F-6B25-4B95-94A1-3A17BFDEE2B7}.Debug|Any CPU.Build.0 = Debug|Any CPU
		{2AF5259F-6B25-4B95-94A1-3A17BFDEE2B7}.Release|Any CPU.ActiveCfg = Release|Any CPU
		{2AF5259F-6B25-4B95-94A1-3A17BFDEE2B7}.Release|Any CPU.Build.0 = Release|Any CPU
		{A0D95371-51CB-4713-81BC-A2DAA6F7CBF5}.Debug|Any CPU.ActiveCfg = Debug|Any CPU
		{A0D95371-51CB-4713-81BC-A2DAA6F7CBF5}.Debug|Any CPU.Build.0 = Debug|Any CPU
		{A0D95371-51CB-4713-81BC-A2DAA6F7CBF5}.Release|Any CPU.ActiveCfg = Release|Any CPU
		{A0D95371-51CB-4713-81BC-A2DAA6F7CBF5}.Release|Any CPU.Build.0 = Release|Any CPU
		{A3FFB61A-79FB-4303-93A8-653B865FE96D}.Debug|Any CPU.ActiveCfg = Debug|Any CPU
		{A3FFB61A-79FB-4303-93A8-653B865FE96D}.Debug|Any CPU.Build.0 = Debug|Any CPU
		{A3FFB61A-79FB-4303-93A8-653B865FE96D}.Release|Any CPU.ActiveCfg = Release|Any CPU
		{A3FFB61A-79FB-4303-93A8-653B865FE96D}.Release|Any CPU.Build.0 = Release|Any CPU
		{8A980606-525D-41D9-A7C8-A8FF96F43655}.Debug|Any CPU.ActiveCfg = Debug|Any CPU
		{8A980606-525D-41D9-A7C8-A8FF96F43655}.Debug|Any CPU.Build.0 = Debug|Any CPU
		{8A980606-525D-41D9-A7C8-A8FF96F43655}.Release|Any CPU.ActiveCfg = Release|Any CPU
		{8A980606-525D-41D9-A7C8-A8FF96F43655}.Release|Any CPU.Build.0 = Release|Any CPU
		{D4C9CDE1-392D-41C8-B3AD-5F089F405D24}.Debug|Any CPU.ActiveCfg = Debug|Any CPU
		{D4C9CDE1-392D-41C8-B3AD-5F089F405D24}.Debug|Any CPU.Build.0 = Debug|Any CPU
		{D4C9CDE1-392D-41C8-B3AD-5F089F405D24}.Release|Any CPU.ActiveCfg = Release|Any CPU
		{D4C9CDE1-392D-41C8-B3AD-5F089F405D24}.Release|Any CPU.Build.0 = Release|Any CPU
		{EB8BF756-91D2-468A-B2AC-4ABFA90B1BF2}.Debug|Any CPU.ActiveCfg = Debug|Any CPU
		{EB8BF756-91D2-468A-B2AC-4ABFA90B1BF2}.Debug|Any CPU.Build.0 = Debug|Any CPU
		{EB8BF756-91D2-468A-B2AC-4ABFA90B1BF2}.Release|Any CPU.ActiveCfg = Release|Any CPU
		{EB8BF756-91D2-468A-B2AC-4ABFA90B1BF2}.Release|Any CPU.Build.0 = Release|Any CPU
	EndGlobalSection
	GlobalSection(SolutionProperties) = preSolution
		HideSolutionNode = FALSE
	EndGlobalSection
	GlobalSection(NestedProjects) = preSolution
		{5BEEBF8A-F2EB-4285-937A-5B8D5AF32CF2} = {3CB6E04E-FB61-432B-B6B5-F53BCFCA6D16}
		{2B78D002-AD67-4F88-A5B6-23253D92D47F} = {3CB6E04E-FB61-432B-B6B5-F53BCFCA6D16}
		{703EDB0E-41DB-4A5B-8009-6AA9E4235D1F} = {CB454012-8353-481D-98D3-B12E95BDDFC8}
		{A6D6CF79-7922-401D-926C-5565677E4E0E} = {CB454012-8353-481D-98D3-B12E95BDDFC8}
		{9ACD237E-71BB-4295-A4D3-0B44AE46F8C2} = {5BEEBF8A-F2EB-4285-937A-5B8D5AF32CF2}
		{52327935-EDA1-4449-AFAC-400E8B60C121} = {5BEEBF8A-F2EB-4285-937A-5B8D5AF32CF2}
		{D4369506-7D95-44D5-978E-22CB32058E84} = {5BEEBF8A-F2EB-4285-937A-5B8D5AF32CF2}
		{8ABDF26B-C814-4B19-B4C2-C251F3DC859C} = {5BEEBF8A-F2EB-4285-937A-5B8D5AF32CF2}
		{114A22DE-BD22-45AF-80DE-228B447009B7} = {2B78D002-AD67-4F88-A5B6-23253D92D47F}
		{B55F8A61-479E-4616-8E6A-6D891C117F88} = {2B78D002-AD67-4F88-A5B6-23253D92D47F}
		{018317CF-5629-4AAC-BABF-DF25230ED573} = {2B78D002-AD67-4F88-A5B6-23253D92D47F}
		{24CE6240-C9F2-4973-A579-8498F9A5CA3A} = {2B78D002-AD67-4F88-A5B6-23253D92D47F}
		{CB4AEFC5-046D-4A31-BC3C-7F1BCC15CB79} = {4221FD70-A6A6-47F5-8A3C-C68F0751491E}
		{4D5F3BBC-9BF9-4537-AEF4-0325B51D1AA4} = {4221FD70-A6A6-47F5-8A3C-C68F0751491E}
		{104757B2-E0A7-42D3-92C9-76B423D8A574} = {5BEEBF8A-F2EB-4285-937A-5B8D5AF32CF2}
		{E2578F23-CA1A-4964-A7DE-B2E7F276A357} = {CB454012-8353-481D-98D3-B12E95BDDFC8}
		{AA73B27E-082F-4939-9E18-7C07951E7928} = {E2578F23-CA1A-4964-A7DE-B2E7F276A357}
		{1052FC0F-803D-4A9E-9D5E-F75464A19F30} = {E2578F23-CA1A-4964-A7DE-B2E7F276A357}
		{9471AE61-0210-472A-8CF0-5C299CD671A7} = {4221FD70-A6A6-47F5-8A3C-C68F0751491E}
		{D5BDC015-754C-454C-8EDC-4161BBF88519} = {4221FD70-A6A6-47F5-8A3C-C68F0751491E}
		{D4D1F483-4EF1-49C8-81A8-2E5B2FCABE03} = {4221FD70-A6A6-47F5-8A3C-C68F0751491E}
		{3D7BCEFB-E0FE-43AA-A3EE-E21BD45FD69C} = {104757B2-E0A7-42D3-92C9-76B423D8A574}
		{E90BF936-6863-42AC-B71B-0E522AB66273} = {104757B2-E0A7-42D3-92C9-76B423D8A574}
		{57FDB317-B9BD-462B-83C2-E8FE339F0DF3} = {4221FD70-A6A6-47F5-8A3C-C68F0751491E}
		{BB8C983F-FA6F-445B-864F-E7875A12950E} = {4221FD70-A6A6-47F5-8A3C-C68F0751491E}
		{2AF5259F-6B25-4B95-94A1-3A17BFDEE2B7} = {4221FD70-A6A6-47F5-8A3C-C68F0751491E}
		{A0D95371-51CB-4713-81BC-A2DAA6F7CBF5} = {4221FD70-A6A6-47F5-8A3C-C68F0751491E}
		{A3FFB61A-79FB-4303-93A8-653B865FE96D} = {4221FD70-A6A6-47F5-8A3C-C68F0751491E}
		{8A980606-525D-41D9-A7C8-A8FF96F43655} = {5BEEBF8A-F2EB-4285-937A-5B8D5AF32CF2}
		{D4C9CDE1-392D-41C8-B3AD-5F089F405D24} = {4221FD70-A6A6-47F5-8A3C-C68F0751491E}
		{EB8BF756-91D2-468A-B2AC-4ABFA90B1BF2} = {2B78D002-AD67-4F88-A5B6-23253D92D47F}
	EndGlobalSection
	GlobalSection(ExtensibilityGlobals) = postSolution
		SolutionGuid = {306F373A-8729-4BC6-B494-36BBC95672F5}
	EndGlobalSection
EndGlobal
