
Microsoft Visual Studio Solution File, Format Version 12.00
# Visual Studio 15
VisualStudioVersion = 15.0.28010.2050
MinimumVisualStudioVersion = 10.0.40219.1
Project("{FAE04EC0-301F-11D3-BF4B-00C04F79EFBC}") = "Taskboard-Backend", "Taskboard-Backend\Taskboard-Backend.csproj", "{0D59EF98-A020-4015-A295-54FBA02906BA}"
EndProject
Global
	GlobalSection(SolutionConfigurationPlatforms) = preSolution
		Debug|Any CPU = Debug|Any CPU
		Release|Any CPU = Release|Any CPU
	EndGlobalSection
	GlobalSection(ProjectConfigurationPlatforms) = postSolution
		{0D59EF98-A020-4015-A295-54FBA02906BA}.Debug|Any CPU.ActiveCfg = Debug|Any CPU
		{0D59EF98-A020-4015-A295-54FBA02906BA}.Debug|Any CPU.Build.0 = Debug|Any CPU
		{0D59EF98-A020-4015-A295-54FBA02906BA}.Release|Any CPU.ActiveCfg = Release|Any CPU
		{0D59EF98-A020-4015-A295-54FBA02906BA}.Release|Any CPU.Build.0 = Release|Any CPU
	EndGlobalSection
	GlobalSection(SolutionProperties) = preSolution
		HideSolutionNode = FALSE
	EndGlobalSection
	GlobalSection(ExtensibilityGlobals) = postSolution
		SolutionGuid = {7C39091C-1119-45BC-9B66-387B111F2DF5}
	EndGlobalSection
EndGlobal
